
Microsoft Visual Studio Solution File, Format Version 12.00
# Visual Studio Version 16
VisualStudioVersion = 16.0.31321.278
MinimumVisualStudioVersion = 10.0.40219.1
Project("{FAE04EC0-301F-11D3-BF4B-00C04F79EFBC}") = "PierwszyProgram", "PierwszyProgram\PierwszyProgram.csproj", "{1FFD16B3-AB8F-40F8-B12B-8A50066AD6FB}"
EndProject
Global
	GlobalSection(SolutionConfigurationPlatforms) = preSolution
		Debug|Any CPU = Debug|Any CPU
		Release|Any CPU = Release|Any CPU
	EndGlobalSection
	GlobalSection(ProjectConfigurationPlatforms) = postSolution
		{1FFD16B3-AB8F-40F8-B12B-8A50066AD6FB}.Debug|Any CPU.ActiveCfg = Debug|Any CPU
		{1FFD16B3-AB8F-40F8-B12B-8A50066AD6FB}.Debug|Any CPU.Build.0 = Debug|Any CPU
		{1FFD16B3-AB8F-40F8-B12B-8A50066AD6FB}.Release|Any CPU.ActiveCfg = Release|Any CPU
		{1FFD16B3-AB8F-40F8-B12B-8A50066AD6FB}.Release|Any CPU.Build.0 = Release|Any CPU
	EndGlobalSection
	GlobalSection(SolutionProperties) = preSolution
		HideSolutionNode = FALSE
	EndGlobalSection
	GlobalSection(ExtensibilityGlobals) = postSolution
		SolutionGuid = {57554894-F0AB-4260-9D88-1A7DAC81366E}
	EndGlobalSection
EndGlobal
